
Microsoft Visual Studio Solution File, Format Version 12.00
# Visual Studio for Mac
Project("{FAE04EC0-301F-11D3-BF4B-00C04F79EFBC}") = "VuforiaScripts", "VuforiaScripts.csproj", "{344CFDC6-43C8-52CB-03A7-9F4750DA2625}"
EndProject
Project("{FAE04EC0-301F-11D3-BF4B-00C04F79EFBC}") = "VuforiaEditorScripts", "VuforiaEditorScripts.csproj", "{56477FBB-FF41-20CF-20D8-57DCA7F003D3}"
EndProject
Global
	GlobalSection(SolutionConfigurationPlatforms) = preSolution
		Debug|Any CPU = Debug|Any CPU
		Release|Any CPU = Release|Any CPU
	EndGlobalSection
	GlobalSection(ProjectConfigurationPlatforms) = postSolution
		{344CFDC6-43C8-52CB-03A7-9F4750DA2625}.Debug|Any CPU.ActiveCfg = Debug|Any CPU
		{344CFDC6-43C8-52CB-03A7-9F4750DA2625}.Debug|Any CPU.Build.0 = Debug|Any CPU
		{344CFDC6-43C8-52CB-03A7-9F4750DA2625}.Release|Any CPU.ActiveCfg = Release|Any CPU
		{344CFDC6-43C8-52CB-03A7-9F4750DA2625}.Release|Any CPU.Build.0 = Release|Any CPU
		{56477FBB-FF41-20CF-20D8-57DCA7F003D3}.Debug|Any CPU.ActiveCfg = Debug|Any CPU
		{56477FBB-FF41-20CF-20D8-57DCA7F003D3}.Debug|Any CPU.Build.0 = Debug|Any CPU
		{56477FBB-FF41-20CF-20D8-57DCA7F003D3}.Release|Any CPU.ActiveCfg = Release|Any CPU
		{56477FBB-FF41-20CF-20D8-57DCA7F003D3}.Release|Any CPU.Build.0 = Release|Any CPU
	EndGlobalSection
	GlobalSection(SolutionProperties) = preSolution
		HideSolutionNode = FALSE
	EndGlobalSection
EndGlobal
